// !$*UTF8*$!
{
	archiveVersion = 1;
	classes = {
	};
	objectVersion = 48;
	objects = {

/* Begin PBXBuildFile section */
		2232575620462DAD0010D3DE /* AppDelegate.m in Sources */ = {isa = PBXBuildFile; fileRef = 2232575520462DAD0010D3DE /* AppDelegate.m */; };
		2232575920462DAD0010D3DE /* ViewController.m in Sources */ = {isa = PBXBuildFile; fileRef = 2232575820462DAD0010D3DE /* ViewController.m */; };
		2232575C20462DAD0010D3DE /* Main.storyboard in Resources */ = {isa = PBXBuildFile; fileRef = 2232575A20462DAD0010D3DE /* Main.storyboard */; };
		2232575E20462DAD0010D3DE /* Assets.xcassets in Resources */ = {isa = PBXBuildFile; fileRef = 2232575D20462DAD0010D3DE /* Assets.xcassets */; };
		2232576120462DAD0010D3DE /* LaunchScreen.storyboard in Resources */ = {isa = PBXBuildFile; fileRef = 2232575F20462DAD0010D3DE /* LaunchScreen.storyboard */; };
		2232576420462DAD0010D3DE /* main.m in Sources */ = {isa = PBXBuildFile; fileRef = 2232576320462DAD0010D3DE /* main.m */; };
		2232576C20462DC10010D3DE /* Telephone.m in Sources */ = {isa = PBXBuildFile; fileRef = 2232576B20462DC10010D3DE /* Telephone.m */; };
		2232576F204630FE0010D3DE /* DetailViewController.m in Sources */ = {isa = PBXBuildFile; fileRef = 2232576E204630FE0010D3DE /* DetailViewController.m */; };
/* End PBXBuildFile section */

/* Begin PBXFileReference section */
		2232575120462DAD0010D3DE /* Telephones.app */ = {isa = PBXFileReference; explicitFileType = wrapper.application; includeInIndex = 0; path = Telephones.app; sourceTree = BUILT_PRODUCTS_DIR; };
		2232575420462DAD0010D3DE /* AppDelegate.h */ = {isa = PBXFileReference; lastKnownFileType = sourcecode.c.h; path = AppDelegate.h; sourceTree = "<group>"; };
		2232575520462DAD0010D3DE /* AppDelegate.m */ = {isa = PBXFileReference; lastKnownFileType = sourcecode.c.objc; path = AppDelegate.m; sourceTree = "<group>"; };
		2232575720462DAD0010D3DE /* ViewController.h */ = {isa = PBXFileReference; lastKnownFileType = sourcecode.c.h; path = ViewController.h; sourceTree = "<group>"; };
		2232575820462DAD0010D3DE /* ViewController.m */ = {isa = PBXFileReference; lastKnownFileType = sourcecode.c.objc; path = ViewController.m; sourceTree = "<group>"; };
		2232575B20462DAD0010D3DE /* Base */ = {isa = PBXFileReference; lastKnownFileType = file.storyboard; name = Base; path = Base.lproj/Main.storyboard; sourceTree = "<group>"; };
		2232575D20462DAD0010D3DE /* Assets.xcassets */ = {isa = PBXFileReference; lastKnownFileType = folder.assetcatalog; path = Assets.xcassets; sourceTree = "<group>"; };
		2232576020462DAD0010D3DE /* Base */ = {isa = PBXFileReference; lastKnownFileType = file.storyboard; name = Base; path = Base.lproj/LaunchScreen.storyboard; sourceTree = "<group>"; };
		2232576220462DAD0010D3DE /* Info.plist */ = {isa = PBXFileReference; lastKnownFileType = text.plist.xml; path = Info.plist; sourceTree = "<group>"; };
		2232576320462DAD0010D3DE /* main.m */ = {isa = PBXFileReference; lastKnownFileType = sourcecode.c.objc; path = main.m; sourceTree = "<group>"; };
		2232576A20462DC10010D3DE /* Telephone.h */ = {isa = PBXFileReference; lastKnownFileType = sourcecode.c.h; path = Telephone.h; sourceTree = "<group>"; };
		2232576B20462DC10010D3DE /* Telephone.m */ = {isa = PBXFileReference; lastKnownFileType = sourcecode.c.objc; path = Telephone.m; sourceTree = "<group>"; };
		2232576D204630FE0010D3DE /* DetailViewController.h */ = {isa = PBXFileReference; lastKnownFileType = sourcecode.c.h; path = DetailViewController.h; sourceTree = "<group>"; };
		2232576E204630FE0010D3DE /* DetailViewController.m */ = {isa = PBXFileReference; lastKnownFileType = sourcecode.c.objc; path = DetailViewController.m; sourceTree = "<group>"; };
/* End PBXFileReference section */

/* Begin PBXFrameworksBuildPhase section */
		2232574E20462DAD0010D3DE /* Frameworks */ = {
			isa = PBXFrameworksBuildPhase;
			buildActionMask = 2147483647;
			files = (
			);
			runOnlyForDeploymentPostprocessing = 0;
		};
/* End PBXFrameworksBuildPhase section */

/* Begin PBXGroup section */
		2232574820462DAD0010D3DE = {
			isa = PBXGroup;
			children = (
				2232575320462DAD0010D3DE /* Telephones */,
				2232575220462DAD0010D3DE /* Products */,
			);
			sourceTree = "<group>";
		};
		2232575220462DAD0010D3DE /* Products */ = {
			isa = PBXGroup;
			children = (
				2232575120462DAD0010D3DE /* Telephones.app */,
			);
			name = Products;
			sourceTree = "<group>";
		};
		2232575320462DAD0010D3DE /* Telephones */ = {
			isa = PBXGroup;
			children = (
				2232575420462DAD0010D3DE /* AppDelegate.h */,
				2232575520462DAD0010D3DE /* AppDelegate.m */,
				2232575720462DAD0010D3DE /* ViewController.h */,
				2232575820462DAD0010D3DE /* ViewController.m */,
				2232576D204630FE0010D3DE /* DetailViewController.h */,
				2232576E204630FE0010D3DE /* DetailViewController.m */,
				2232576A20462DC10010D3DE /* Telephone.h */,
				2232576B20462DC10010D3DE /* Telephone.m */,
				2232575A20462DAD0010D3DE /* Main.storyboard */,
				2232575D20462DAD0010D3DE /* Assets.xcassets */,
				2232575F20462DAD0010D3DE /* LaunchScreen.storyboard */,
				2232576220462DAD0010D3DE /* Info.plist */,
				2232576320462DAD0010D3DE /* main.m */,
			);
			path = Telephones;
			sourceTree = "<group>";
		};
/* End PBXGroup section */

/* Begin PBXNativeTarget section */
		2232575020462DAD0010D3DE /* Telephones */ = {
			isa = PBXNativeTarget;
			buildConfigurationList = 2232576720462DAD0010D3DE /* Build configuration list for PBXNativeTarget "Telephones" */;
			buildPhases = (
				2232574D20462DAD0010D3DE /* Sources */,
				2232574E20462DAD0010D3DE /* Frameworks */,
				2232574F20462DAD0010D3DE /* Resources */,
			);
			buildRules = (
			);
			dependencies = (
			);
			name = Telephones;
			productName = Telephones;
			productReference = 2232575120462DAD0010D3DE /* Telephones.app */;
			productType = "com.apple.product-type.application";
		};
/* End PBXNativeTarget section */

/* Begin PBXProject section */
		2232574920462DAD0010D3DE /* Project object */ = {
			isa = PBXProject;
			attributes = {
				LastUpgradeCheck = 0920;
				ORGANIZATIONNAME = "meech-ward";
				TargetAttributes = {
					2232575020462DAD0010D3DE = {
						CreatedOnToolsVersion = 9.2;
						ProvisioningStyle = Automatic;
					};
				};
			};
			buildConfigurationList = 2232574C20462DAD0010D3DE /* Build configuration list for PBXProject "Telephones" */;
			compatibilityVersion = "Xcode 8.0";
			developmentRegion = en;
			hasScannedForEncodings = 0;
			knownRegions = (
				en,
				Base,
			);
			mainGroup = 2232574820462DAD0010D3DE;
			productRefGroup = 2232575220462DAD0010D3DE /* Products */;
			projectDirPath = "";
			projectRoot = "";
			targets = (
				2232575020462DAD0010D3DE /* Telephones */,
			);
		};
/* End PBXProject section */

/* Begin PBXResourcesBuildPhase section */
		2232574F20462DAD0010D3DE /* Resources */ = {
			isa = PBXResourcesBuildPhase;
			buildActionMask = 2147483647;
			files = (
				2232576120462DAD0010D3DE /* LaunchScreen.storyboard in Resources */,
				2232575E20462DAD0010D3DE /* Assets.xcassets in Resources */,
				2232575C20462DAD0010D3DE /* Main.storyboard in Resources */,
			);
			runOnlyForDeploymentPostprocessing = 0;
		};
/* End PBXResourcesBuildPhase section */

/* Begin PBXSourcesBuildPhase section */
		2232574D20462DAD0010D3DE /* Sources */ = {
			isa = PBXSourcesBuildPhase;
			buildActionMask = 2147483647;
			files = (
				2232576F204630FE0010D3DE /* DetailViewController.m in Sources */,
				2232575920462DAD0010D3DE /* ViewController.m in Sources */,
				2232576420462DAD0010D3DE /* main.m in Sources */,
				2232576C20462DC10010D3DE /* Telephone.m in Sources */,
				2232575620462DAD0010D3DE /* AppDelegate.m in Sources */,
			);
			runOnlyForDeploymentPostprocessing = 0;
		};
/* End PBXSourcesBuildPhase section */

/* Begin PBXVariantGroup section */
		2232575A20462DAD0010D3DE /* Main.storyboard */ = {
			isa = PBXVariantGroup;
			children = (
				2232575B20462DAD0010D3DE /* Base */,
			);
			name = Main.storyboard;
			sourceTree = "<group>";
		};
		2232575F20462DAD0010D3DE /* LaunchScreen.storyboard */ = {
			isa = PBXVariantGroup;
			children = (
				2232576020462DAD0010D3DE /* Base */,
			);
			name = LaunchScreen.storyboard;
			sourceTree = "<group>";
		};
/* End PBXVariantGroup section */

/* Begin XCBuildConfiguration section */
		2232576520462DAD0010D3DE /* Debug */ = {
			isa = XCBuildConfiguration;
			buildSettings = {
				ALWAYS_SEARCH_USER_PATHS = NO;
				CLANG_ANALYZER_NONNULL = YES;
				CLANG_ANALYZER_NUMBER_OBJECT_CONVERSION = YES_AGGRESSIVE;
				CLANG_CXX_LANGUAGE_STANDARD = "gnu++14";
				CLANG_CXX_LIBRARY = "libc++";
				CLANG_ENABLE_MODULES = YES;
				CLANG_ENABLE_OBJC_ARC = YES;
				CLANG_WARN_BLOCK_CAPTURE_AUTORELEASING = YES;
				CLANG_WARN_BOOL_CONVERSION = YES;
				CLANG_WARN_COMMA = YES;
				CLANG_WARN_CONSTANT_CONVERSION = YES;
				CLANG_WARN_DIRECT_OBJC_ISA_USAGE = YES_ERROR;
				CLANG_WARN_DOCUMENTATION_COMMENTS = YES;
				CLANG_WARN_EMPTY_BODY = YES;
				CLANG_WARN_ENUM_CONVERSION = YES;
				CLANG_WARN_INFINITE_RECURSION = YES;
				CLANG_WARN_INT_CONVERSION = YES;
				CLANG_WARN_NON_LITERAL_NULL_CONVERSION = YES;
				CLANG_WARN_OBJC_LITERAL_CONVERSION = YES;
				CLANG_WARN_OBJC_ROOT_CLASS = YES_ERROR;
				CLANG_WARN_RANGE_LOOP_ANALYSIS = YES;
				CLANG_WARN_STRICT_PROTOTYPES = YES;
				CLANG_WARN_SUSPICIOUS_MOVE = YES;
				CLANG_WARN_UNGUARDED_AVAILABILITY = YES_AGGRESSIVE;
				CLANG_WARN_UNREACHABLE_CODE = YES;
				CLANG_WARN__DUPLICATE_METHOD_MATCH = YES;
				CODE_SIGN_IDENTITY = "iPhone Developer";
				COPY_PHASE_STRIP = NO;
				DEBUG_INFORMATION_FORMAT = dwarf;
				ENABLE_STRICT_OBJC_MSGSEND = YES;
				ENABLE_TESTABILITY = YES;
				GCC_C_LANGUAGE_STANDARD = gnu11;
				GCC_DYNAMIC_NO_PIC = NO;
				GCC_NO_COMMON_BLOCKS = YES;
				GCC_OPTIMIZATION_LEVEL = 0;
				GCC_PREPROCESSOR_DEFINITIONS = (
					"DEBUG=1",
					"$(inherited)",
				);
				GCC_WARN_64_TO_32_BIT_CONVERSION = YES;
				GCC_WARN_ABOUT_RETURN_TYPE = YES_ERROR;
				GCC_WARN_UNDECLARED_SELECTOR = YES;
				GCC_WARN_UNINITIALIZED_AUTOS = YES_AGGRESSIVE;
				GCC_WARN_UNUSED_FUNCTION = YES;
				GCC_WARN_UNUSED_VARIABLE = YES;
				IPHONEOS_DEPLOYMENT_TARGET = 11.2;
				MTL_ENABLE_DEBUG_INFO = YES;
				ONLY_ACTIVE_ARCH = YES;
				SDKROOT = iphoneos;
			};
			name = Debug;
		};
		2232576620462DAD0010D3DE /* Release */ = {
			isa = XCBuildConfiguration;
			buildSettings = {
				ALWAYS_SEARCH_USER_PATHS = NO;
				CLANG_ANALYZER_NONNULL = YES;
				CLANG_ANALYZER_NUMBER_OBJECT_CONVERSION = YES_AGGRESSIVE;
				CLANG_CXX_LANGUAGE_STANDARD = "gnu++14";
				CLANG_CXX_LIBRARY = "libc++";
				CLANG_ENABLE_MODULES = YES;
				CLANG_ENABLE_OBJC_ARC = YES;
				CLANG_WARN_BLOCK_CAPTURE_AUTORELEASING = YES;
				CLANG_WARN_BOOL_CONVERSION = YES;
				CLANG_WARN_COMMA = YES;
				CLANG_WARN_CONSTANT_CONVERSION = YES;
				CLANG_WARN_DIRECT_OBJC_ISA_USAGE = YES_ERROR;
				CLANG_WARN_DOCUMENTATION_COMMENTS = YES;
				CLANG_WARN_EMPTY_BODY = YES;
				CLANG_WARN_ENUM_CONVERSION = YES;
				CLANG_WARN_INFINITE_RECURSION = YES;
				CLANG_WARN_INT_CONVERSION = YES;
				CLANG_WARN_NON_LITERAL_NULL_CONVERSION = YES;
				CLANG_WARN_OBJC_LITERAL_CONVERSION = YES;
				CLANG_WARN_OBJC_ROOT_CLASS = YES_ERROR;
				CLANG_WARN_RANGE_LOOP_ANALYSIS = YES;
				CLANG_WARN_STRICT_PROTOTYPES = YES;
				CLANG_WARN_SUSPICIOUS_MOVE = YES;
				CLANG_WARN_UNGUARDED_AVAILABILITY = YES_AGGRESSIVE;
				CLANG_WARN_UNREACHABLE_CODE = YES;
				CLANG_WARN__DUPLICATE_METHOD_MATCH = YES;
				CODE_SIGN_IDENTITY = "iPhone Developer";
				COPY_PHASE_STRIP = NO;
				DEBUG_INFORMATION_FORMAT = "dwarf-with-dsym";
				ENABLE_NS_ASSERTIONS = NO;
				ENABLE_STRICT_OBJC_MSGSEND = YES;
				GCC_C_LANGUAGE_STANDARD = gnu11;
				GCC_NO_COMMON_BLOCKS = YES;
				GCC_WARN_64_TO_32_BIT_CONVERSION = YES;
				GCC_WARN_ABOUT_RETURN_TYPE = YES_ERROR;
				GCC_WARN_UNDECLARED_SELECTOR = YES;
				GCC_WARN_UNINITIALIZED_AUTOS = YES_AGGRESSIVE;
				GCC_WARN_UNUSED_FUNCTION = YES;
				GCC_WARN_UNUSED_VARIABLE = YES;
				IPHONEOS_DEPLOYMENT_TARGET = 11.2;
				MTL_ENABLE_DEBUG_INFO = NO;
				SDKROOT = iphoneos;
				VALIDATE_PRODUCT = YES;
			};
			name = Release;
		};
		2232576820462DAD0010D3DE /* Debug */ = {
			isa = XCBuildConfiguration;
			buildSettings = {
				ASSETCATALOG_COMPILER_APPICON_NAME = AppIcon;
				CODE_SIGN_STYLE = Automatic;
				DEVELOPMENT_TEAM = 7GT6EK8D4J;
				INFOPLIST_FILE = Telephones/Info.plist;
				LD_RUNPATH_SEARCH_PATHS = "$(inherited) @executable_path/Frameworks";
				PRODUCT_BUNDLE_IDENTIFIER = "com.meech-ward.Telephones";
				PRODUCT_NAME = "$(TARGET_NAME)";
				TARGETED_DEVICE_FAMILY = "1,2";
			};
			name = Debug;
		};
		2232576920462DAD0010D3DE /* Release */ = {
			isa = XCBuildConfiguration;
			buildSettings = {
				ASSETCATALOG_COMPILER_APPICON_NAME = AppIcon;
				CODE_SIGN_STYLE = Automatic;
				DEVELOPMENT_TEAM = 7GT6EK8D4J;
				INFOPLIST_FILE = Telephones/Info.plist;
				LD_RUNPATH_SEARCH_PATHS = "$(inherited) @executable_path/Frameworks";
				PRODUCT_BUNDLE_IDENTIFIER = "com.meech-ward.Telephones";
				PRODUCT_NAME = "$(TARGET_NAME)";
				TARGETED_DEVICE_FAMILY = "1,2";
			};
			name = Release;
		};
/* End XCBuildConfiguration section */

/* Begin XCConfigurationList section */
		2232574C20462DAD0010D3DE /* Build configuration list for PBXProject "Telephones" */ = {
			isa = XCConfigurationList;
			buildConfigurations = (
				2232576520462DAD0010D3DE /* Debug */,
				2232576620462DAD0010D3DE /* Release */,
			);
			defaultConfigurationIsVisible = 0;
			defaultConfigurationName = Release;
		};
		2232576720462DAD0010D3DE /* Build configuration list for PBXNativeTarget "Telephones" */ = {
			isa = XCConfigurationList;
			buildConfigurations = (
				2232576820462DAD0010D3DE /* Debug */,
				2232576920462DAD0010D3DE /* Release */,
			);
			defaultConfigurationIsVisible = 0;
			defaultConfigurationName = Release;
		};
/* End XCConfigurationList section */
	};
	rootObject = 2232574920462DAD0010D3DE /* Project object */;
}
